
Microsoft Visual Studio Solution File, Format Version 12.00
# Visual Studio 2012
Project("{8BC9CEB8-8B4A-11D0-8D11-00A0C91BC942}") = "Cockroach compiler_", "Cockroach compiler_\Cockroach compiler_.vcxproj", "{6E7A2AFA-B372-481A-A46E-8BB8A4D63DEB}"
EndProject
Global
	GlobalSection(SolutionConfigurationPlatforms) = preSolution
		Debug|Win32 = Debug|Win32
		Release|Win32 = Release|Win32
	EndGlobalSection
	GlobalSection(ProjectConfigurationPlatforms) = postSolution
		{6E7A2AFA-B372-481A-A46E-8BB8A4D63DEB}.Debug|Win32.ActiveCfg = Debug|Win32
		{6E7A2AFA-B372-481A-A46E-8BB8A4D63DEB}.Debug|Win32.Build.0 = Debug|Win32
		{6E7A2AFA-B372-481A-A46E-8BB8A4D63DEB}.Release|Win32.ActiveCfg = Release|Win32
		{6E7A2AFA-B372-481A-A46E-8BB8A4D63DEB}.Release|Win32.Build.0 = Release|Win32
	EndGlobalSection
	GlobalSection(SolutionProperties) = preSolution
		HideSolutionNode = FALSE
	EndGlobalSection
EndGlobal
